
Microsoft Visual Studio Solution File, Format Version 12.00
# Visual Studio 14
VisualStudioVersion = 14.0.25123.0
MinimumVisualStudioVersion = 10.0.40219.1
Project("{8BC9CEB8-8B4A-11D0-8D11-00A0C91BC942}") = "2016.09.27.Problem1", "2016.09.27.Problem1\2016.09.27.Problem1.vcxproj", "{06192203-3B3D-4E72-A97E-7DAD86AE1049}"
EndProject
Project("{8BC9CEB8-8B4A-11D0-8D11-00A0C91BC942}") = "2016.09.27.Problem2", "2016.09.27.Problem2\2016.09.27.Problem2.vcxproj", "{0EFCBE75-58FA-4954-9164-AD79E519C37C}"
EndProject
Project("{8BC9CEB8-8B4A-11D0-8D11-00A0C91BC942}") = "2016.09.28.Problem3", "2016.09.28.Problem3\2016.09.28.Problem3.vcxproj", "{321CE672-477D-45FC-B421-FF99FDEC47A4}"
EndProject
Project("{8BC9CEB8-8B4A-11D0-8D11-00A0C91BC942}") = "2016.09.29.Problem4", "2016.09.29.Problem4\2016.09.29.Problem4.vcxproj", "{73699B1C-E563-47DB-9CA5-B80A698ABD75}"
EndProject
Global
	GlobalSection(SolutionConfigurationPlatforms) = preSolution
		Debug|x64 = Debug|x64
		Debug|x86 = Debug|x86
		Release|x64 = Release|x64
		Release|x86 = Release|x86
	EndGlobalSection
	GlobalSection(ProjectConfigurationPlatforms) = postSolution
		{06192203-3B3D-4E72-A97E-7DAD86AE1049}.Debug|x64.ActiveCfg = Debug|x64
		{06192203-3B3D-4E72-A97E-7DAD86AE1049}.Debug|x64.Build.0 = Debug|x64
		{06192203-3B3D-4E72-A97E-7DAD86AE1049}.Debug|x86.ActiveCfg = Debug|Win32
		{06192203-3B3D-4E72-A97E-7DAD86AE1049}.Debug|x86.Build.0 = Debug|Win32
		{06192203-3B3D-4E72-A97E-7DAD86AE1049}.Release|x64.ActiveCfg = Release|x64
		{06192203-3B3D-4E72-A97E-7DAD86AE1049}.Release|x64.Build.0 = Release|x64
		{06192203-3B3D-4E72-A97E-7DAD86AE1049}.Release|x86.ActiveCfg = Release|Win32
		{06192203-3B3D-4E72-A97E-7DAD86AE1049}.Release|x86.Build.0 = Release|Win32
		{0EFCBE75-58FA-4954-9164-AD79E519C37C}.Debug|x64.ActiveCfg = Debug|x64
		{0EFCBE75-58FA-4954-9164-AD79E519C37C}.Debug|x64.Build.0 = Debug|x64
		{0EFCBE75-58FA-4954-9164-AD79E519C37C}.Debug|x86.ActiveCfg = Debug|Win32
		{0EFCBE75-58FA-4954-9164-AD79E519C37C}.Debug|x86.Build.0 = Debug|Win32
		{0EFCBE75-58FA-4954-9164-AD79E519C37C}.Release|x64.ActiveCfg = Release|x64
		{0EFCBE75-58FA-4954-9164-AD79E519C37C}.Release|x64.Build.0 = Release|x64
		{0EFCBE75-58FA-4954-9164-AD79E519C37C}.Release|x86.ActiveCfg = Release|Win32
		{0EFCBE75-58FA-4954-9164-AD79E519C37C}.Release|x86.Build.0 = Release|Win32
		{321CE672-477D-45FC-B421-FF99FDEC47A4}.Debug|x64.ActiveCfg = Debug|x64
		{321CE672-477D-45FC-B421-FF99FDEC47A4}.Debug|x64.Build.0 = Debug|x64
		{321CE672-477D-45FC-B421-FF99FDEC47A4}.Debug|x86.ActiveCfg = Debug|Win32
		{321CE672-477D-45FC-B421-FF99FDEC47A4}.Debug|x86.Build.0 = Debug|Win32
		{321CE672-477D-45FC-B421-FF99FDEC47A4}.Release|x64.ActiveCfg = Release|x64
		{321CE672-477D-45FC-B421-FF99FDEC47A4}.Release|x64.Build.0 = Release|x64
		{321CE672-477D-45FC-B421-FF99FDEC47A4}.Release|x86.ActiveCfg = Release|Win32
		{321CE672-477D-45FC-B421-FF99FDEC47A4}.Release|x86.Build.0 = Release|Win32
		{73699B1C-E563-47DB-9CA5-B80A698ABD75}.Debug|x64.ActiveCfg = Debug|x64
		{73699B1C-E563-47DB-9CA5-B80A698ABD75}.Debug|x64.Build.0 = Debug|x64
		{73699B1C-E563-47DB-9CA5-B80A698ABD75}.Debug|x86.ActiveCfg = Debug|Win32
		{73699B1C-E563-47DB-9CA5-B80A698ABD75}.Debug|x86.Build.0 = Debug|Win32
		{73699B1C-E563-47DB-9CA5-B80A698ABD75}.Release|x64.ActiveCfg = Release|x64
		{73699B1C-E563-47DB-9CA5-B80A698ABD75}.Release|x64.Build.0 = Release|x64
		{73699B1C-E563-47DB-9CA5-B80A698ABD75}.Release|x86.ActiveCfg = Release|Win32
		{73699B1C-E563-47DB-9CA5-B80A698ABD75}.Release|x86.Build.0 = Release|Win32
	EndGlobalSection
	GlobalSection(SolutionProperties) = preSolution
		HideSolutionNode = FALSE
	EndGlobalSection
EndGlobal
